
Microsoft Visual Studio Solution File, Format Version 12.00
# Visual Studio Version 17
VisualStudioVersion = 17.1.32421.90
MinimumVisualStudioVersion = 10.0.40219.1
Project("{F184B08F-C81C-45F6-A57F-5ABD9991F28F}") = "1-PrimeiroPrograma", "1-PrimeiroPrograma\1-PrimeiroPrograma.vbproj", "{CC22DF9F-FDDF-4B77-B375-019AE710F3AF}"
EndProject
Project("{F184B08F-C81C-45F6-A57F-5ABD9991F28F}") = "2-CriandoVariaveis", "2-CriandoVariaveis\2-CriandoVariaveis.vbproj", "{6D208FA9-2051-4267-933D-72E5D2714040}"
EndProject
Project("{F184B08F-C81C-45F6-A57F-5ABD9991F28F}") = "3-ManipulandoTexto", "3-ManipulandoTexto\3-ManipulandoTexto.vbproj", "{210AD01E-B285-4D2D-B1B7-02E264FB1A67}"
EndProject
Project("{F184B08F-C81C-45F6-A57F-5ABD9991F28F}") = "4-ControleFluxo", "4-ControleFluxo\4-ControleFluxo.vbproj", "{3C86A4C5-0A9B-4C65-8544-7F8FE3297BA1}"
EndProject
Project("{F184B08F-C81C-45F6-A57F-5ABD9991F28F}") = "5-Loops", "5-Loops\5-Loops.vbproj", "{57476408-679F-4FF1-AA0C-C9F5A61E0E9D}"
EndProject
Global
	GlobalSection(SolutionConfigurationPlatforms) = preSolution
		Debug|Any CPU = Debug|Any CPU
		Release|Any CPU = Release|Any CPU
	EndGlobalSection
	GlobalSection(ProjectConfigurationPlatforms) = postSolution
		{CC22DF9F-FDDF-4B77-B375-019AE710F3AF}.Debug|Any CPU.ActiveCfg = Debug|Any CPU
		{CC22DF9F-FDDF-4B77-B375-019AE710F3AF}.Debug|Any CPU.Build.0 = Debug|Any CPU
		{CC22DF9F-FDDF-4B77-B375-019AE710F3AF}.Release|Any CPU.ActiveCfg = Release|Any CPU
		{CC22DF9F-FDDF-4B77-B375-019AE710F3AF}.Release|Any CPU.Build.0 = Release|Any CPU
		{6D208FA9-2051-4267-933D-72E5D2714040}.Debug|Any CPU.ActiveCfg = Debug|Any CPU
		{6D208FA9-2051-4267-933D-72E5D2714040}.Debug|Any CPU.Build.0 = Debug|Any CPU
		{6D208FA9-2051-4267-933D-72E5D2714040}.Release|Any CPU.ActiveCfg = Release|Any CPU
		{6D208FA9-2051-4267-933D-72E5D2714040}.Release|Any CPU.Build.0 = Release|Any CPU
		{210AD01E-B285-4D2D-B1B7-02E264FB1A67}.Debug|Any CPU.ActiveCfg = Debug|Any CPU
		{210AD01E-B285-4D2D-B1B7-02E264FB1A67}.Debug|Any CPU.Build.0 = Debug|Any CPU
		{210AD01E-B285-4D2D-B1B7-02E264FB1A67}.Release|Any CPU.ActiveCfg = Release|Any CPU
		{210AD01E-B285-4D2D-B1B7-02E264FB1A67}.Release|Any CPU.Build.0 = Release|Any CPU
		{3C86A4C5-0A9B-4C65-8544-7F8FE3297BA1}.Debug|Any CPU.ActiveCfg = Debug|Any CPU
		{3C86A4C5-0A9B-4C65-8544-7F8FE3297BA1}.Debug|Any CPU.Build.0 = Debug|Any CPU
		{3C86A4C5-0A9B-4C65-8544-7F8FE3297BA1}.Release|Any CPU.ActiveCfg = Release|Any CPU
		{3C86A4C5-0A9B-4C65-8544-7F8FE3297BA1}.Release|Any CPU.Build.0 = Release|Any CPU
		{57476408-679F-4FF1-AA0C-C9F5A61E0E9D}.Debug|Any CPU.ActiveCfg = Debug|Any CPU
		{57476408-679F-4FF1-AA0C-C9F5A61E0E9D}.Debug|Any CPU.Build.0 = Debug|Any CPU
		{57476408-679F-4FF1-AA0C-C9F5A61E0E9D}.Release|Any CPU.ActiveCfg = Release|Any CPU
		{57476408-679F-4FF1-AA0C-C9F5A61E0E9D}.Release|Any CPU.Build.0 = Release|Any CPU
	EndGlobalSection
	GlobalSection(SolutionProperties) = preSolution
		HideSolutionNode = FALSE
	EndGlobalSection
	GlobalSection(ExtensibilityGlobals) = postSolution
		SolutionGuid = {385A0704-FB03-47F6-ABDD-E03CC4EE0CC8}
	EndGlobalSection
EndGlobal
